{
   "name": "typea",
   "version": "8.3.4",
   "lockfileVersion": 2,
   "requires": true,
   "packages": {
      "": {
         "name": "typea",
         "version": "8.3.4",
         "license": "MIT",
         "devDependencies": {
            "jtm": "^1.2.1",
            "typescript": "^5.2.2"
         }
      },
      "node_modules/@types/assert": {
         "version": "1.5.7",
         "resolved": "https://registry.npmjs.org/@types/assert/-/assert-1.5.7.tgz",
         "integrity": "sha512-qRK5tg1LaErm1uQBTu3YrVscZwPAbhGdXWtPG8YiiwUXQ68eKouiantdQmQCQ/cVXGZc/uBdH2TTbWwdpkOB0g==",
         "dev": true
      },
      "node_modules/jtm": {
         "version": "1.2.1",
         "resolved": "https://registry.npmjs.org/jtm/-/jtm-1.2.1.tgz",
         "integrity": "sha512-BbC6NejE2uUXGKZfjPwyQ3KFJkMVfzKO6kpAh95mxkJKvcioTdm4gJgdvU7VztE+IInkXj5w6TltPr2DlK6G0g==",
         "dev": true,
         "dependencies": {
            "@types/assert": "^1.5.6"
         },
         "bin": {
            "jtm": "bin/index.js"
         },
         "engines": {
            "node": ">= 16.0.0"
         }
      },
      "node_modules/typescript": {
         "version": "5.2.2",
         "resolved": "https://registry.npmjs.org/typescript/-/typescript-5.2.2.tgz",
         "integrity": "sha512-mI4WrpHsbCIcwT9cF4FZvr80QUeKvsUsUvKDoR+X/7XHQH98xYD8YHZg7ANtz2GtZt/CBq2QJ0thkGJMHfqc1w==",
         "dev": true,
         "bin": {
            "tsc": "bin/tsc",
            "tsserver": "bin/tsserver"
         },
         "engines": {
            "node": ">=14.17"
         }
      }
   },
   "dependencies": {
      "@types/assert": {
         "version": "1.5.7",
         "resolved": "https://registry.npmjs.org/@types/assert/-/assert-1.5.7.tgz",
         "integrity": "sha512-qRK5tg1LaErm1uQBTu3YrVscZwPAbhGdXWtPG8YiiwUXQ68eKouiantdQmQCQ/cVXGZc/uBdH2TTbWwdpkOB0g==",
         "dev": true
      },
      "jtm": {
         "version": "1.2.1",
         "resolved": "https://registry.npmjs.org/jtm/-/jtm-1.2.1.tgz",
         "integrity": "sha512-BbC6NejE2uUXGKZfjPwyQ3KFJkMVfzKO6kpAh95mxkJKvcioTdm4gJgdvU7VztE+IInkXj5w6TltPr2DlK6G0g==",
         "dev": true,
         "requires": {
            "@types/assert": "^1.5.6"
         }
      },
      "typescript": {
         "version": "5.2.2",
         "resolved": "https://registry.npmjs.org/typescript/-/typescript-5.2.2.tgz",
         "integrity": "sha512-mI4WrpHsbCIcwT9cF4FZvr80QUeKvsUsUvKDoR+X/7XHQH98xYD8YHZg7ANtz2GtZt/CBq2QJ0thkGJMHfqc1w==",
         "dev": true
      }
   }
}
