{
   "name": "typea",
   "version": "5.3.3",
   "lockfileVersion": 2,
   "requires": true,
   "packages": {
      "": {
         "version": "5.3.3",
         "license": "ISC",
         "devDependencies": {
            "jtm": "^1.0.4"
         }
      },
      "node_modules/jtm": {
         "version": "1.0.4",
         "resolved": "https://registry.npmjs.org/jtm/-/jtm-1.0.4.tgz",
         "integrity": "sha512-0bALAH2QZ4bMVxgc7S7rVuIJbU9Av4/TZsV7owcqeAMdq+UCcWObb0BNogGVRim4mJVbJ/l1lEZ4bm5hD2xAqA==",
         "dev": true,
         "license": "ISC",
         "bin": {
            "jtm": "bin/index.js"
         }
      }
   },
   "dependencies": {
      "jtm": {
         "version": "1.0.4",
         "resolved": "https://registry.npmjs.org/jtm/-/jtm-1.0.4.tgz",
         "integrity": "sha512-0bALAH2QZ4bMVxgc7S7rVuIJbU9Av4/TZsV7owcqeAMdq+UCcWObb0BNogGVRim4mJVbJ/l1lEZ4bm5hD2xAqA==",
         "dev": true
      }
   }
}
